
Microsoft Visual Studio Solution File, Format Version 12.00
# Visual Studio Version 16
VisualStudioVersion = 16.0.29503.13
MinimumVisualStudioVersion = 10.0.40219.1
Project("{FAE04EC0-301F-11D3-BF4B-00C04F79EFBC}") = "RuruPeru_ECommers", "RuruPeru_ECommers\RuruPeru_ECommers.csproj", "{89C8ACAB-8354-4677-86AE-63A6550E512C}"
	ProjectSection(ProjectDependencies) = postProject
		{5A5EA06E-8E66-4AA1-80A6-19B34AAAD0D0} = {5A5EA06E-8E66-4AA1-80A6-19B34AAAD0D0}
	EndProjectSection
EndProject
Project("{2150E333-8FDC-42A3-9474-1A3956D46DE8}") = "ADO.NET", "ADO.NET", "{E599FBC9-6C2E-4679-AD00-33408E66EC4A}"
EndProject
Project("{2150E333-8FDC-42A3-9474-1A3956D46DE8}") = "SERVICES", "SERVICES", "{46D23AFD-7C36-47FF-9F2E-D3A31CAA9501}"
EndProject
Project("{FAE04EC0-301F-11D3-BF4B-00C04F79EFBC}") = "CONSULTA", "CONSULTA\CONSULTA.csproj", "{5A5EA06E-8E66-4AA1-80A6-19B34AAAD0D0}"
EndProject
Global
	GlobalSection(SolutionConfigurationPlatforms) = preSolution
		Debug|Any CPU = Debug|Any CPU
		Release|Any CPU = Release|Any CPU
	EndGlobalSection
	GlobalSection(ProjectConfigurationPlatforms) = postSolution
		{89C8ACAB-8354-4677-86AE-63A6550E512C}.Debug|Any CPU.ActiveCfg = Debug|Any CPU
		{89C8ACAB-8354-4677-86AE-63A6550E512C}.Debug|Any CPU.Build.0 = Debug|Any CPU
		{89C8ACAB-8354-4677-86AE-63A6550E512C}.Release|Any CPU.ActiveCfg = Release|Any CPU
		{89C8ACAB-8354-4677-86AE-63A6550E512C}.Release|Any CPU.Build.0 = Release|Any CPU
		{5A5EA06E-8E66-4AA1-80A6-19B34AAAD0D0}.Debug|Any CPU.ActiveCfg = Debug|Any CPU
		{5A5EA06E-8E66-4AA1-80A6-19B34AAAD0D0}.Debug|Any CPU.Build.0 = Debug|Any CPU
		{5A5EA06E-8E66-4AA1-80A6-19B34AAAD0D0}.Release|Any CPU.ActiveCfg = Release|Any CPU
		{5A5EA06E-8E66-4AA1-80A6-19B34AAAD0D0}.Release|Any CPU.Build.0 = Release|Any CPU
	EndGlobalSection
	GlobalSection(SolutionProperties) = preSolution
		HideSolutionNode = FALSE
	EndGlobalSection
	GlobalSection(NestedProjects) = preSolution
		{89C8ACAB-8354-4677-86AE-63A6550E512C} = {E599FBC9-6C2E-4679-AD00-33408E66EC4A}
		{5A5EA06E-8E66-4AA1-80A6-19B34AAAD0D0} = {46D23AFD-7C36-47FF-9F2E-D3A31CAA9501}
	EndGlobalSection
	GlobalSection(ExtensibilityGlobals) = postSolution
		SolutionGuid = {03D53BED-F969-4CA0-9EFF-6674DE7C7FAE}
	EndGlobalSection
EndGlobal
